
Microsoft Visual Studio Solution File, Format Version 12.00
# Visual Studio Version 16
VisualStudioVersion = 16.0.31624.102
MinimumVisualStudioVersion = 10.0.40219.1
Project("{FAE04EC0-301F-11D3-BF4B-00C04F79EFBC}") = "Peer7", "Peer7\Peer7.csproj", "{B3E2A54E-9172-4F69-A0C2-939D9D07651E}"
EndProject
Global
	GlobalSection(SolutionConfigurationPlatforms) = preSolution
		Debug|Any CPU = Debug|Any CPU
		Release|Any CPU = Release|Any CPU
	EndGlobalSection
	GlobalSection(ProjectConfigurationPlatforms) = postSolution
		{B3E2A54E-9172-4F69-A0C2-939D9D07651E}.Debug|Any CPU.ActiveCfg = Debug|Any CPU
		{B3E2A54E-9172-4F69-A0C2-939D9D07651E}.Debug|Any CPU.Build.0 = Debug|Any CPU
		{B3E2A54E-9172-4F69-A0C2-939D9D07651E}.Release|Any CPU.ActiveCfg = Release|Any CPU
		{B3E2A54E-9172-4F69-A0C2-939D9D07651E}.Release|Any CPU.Build.0 = Release|Any CPU
	EndGlobalSection
	GlobalSection(SolutionProperties) = preSolution
		HideSolutionNode = FALSE
	EndGlobalSection
	GlobalSection(ExtensibilityGlobals) = postSolution
		SolutionGuid = {F8D3ADAA-C94E-4494-BD0F-828C446797AF}
	EndGlobalSection
EndGlobal
